<?xml version="1.0" encoding="utf-8"?>
<Project ToolsVersion="4.0" xmlns="http://schemas.microsoft.com/developer/msbuild/2003">
  <ItemGroup>
    <Filter Include="Source Files">
      <UniqueIdentifier>{4FC737F1-C7A5-4376-A066-2A32D752A2FF}</UniqueIdentifier>
      <Extensions>cpp;c;cc;cxx;c++;cppm;ixx;def;odl;idl;hpj;bat;asm;asmx</Extensions>
    </Filter>
    <Filter Include="Header Files">
      <UniqueIdentifier>{93995380-89BD-4b04-88EB-625FBE52EBFB}</UniqueIdentifier>
      <Extensions>h;hh;hpp;hxx;h++;hm;inl;inc;ipp;xsd</Extensions>
    </Filter>
    <Filter Include="assets">
      <UniqueIdentifier>{db59237c-44a1-4d83-a303-43ec57de3a28}</UniqueIdentifier>
    </Filter>
    <Filter Include="assets\shaders">
      <UniqueIdentifier>{3790c06d-3123-4519-a6cc-055d4c389f1c}</UniqueIdentifier>
    </Filter>
    <Filter Include="assets\textures">
      <UniqueIdentifier>{2185a60b-9d07-4a03-9be7-f05630bb739a}</UniqueIdentifier>
    </Filter>
    <Filter Include="assets\levels">
      <UniqueIdentifier>{e2145153-9061-4b76-bd1f-04cf6243a078}</UniqueIdentifier>
    </Filter>
    <Filter Include="Source Files\Game">
      <UniqueIdentifier>{ec4e6db1-2c69-414a-8ddb-e7ca7a920204}</UniqueIdentifier>
    </Filter>
    <Filter Include="Source Files\Graphics">
      <UniqueIdentifier>{520bd200-bd8c-4a75-9ca4-81865e1f90e1}</UniqueIdentifier>
    </Filter>
    <Filter Include="Source Files\Resource Files">
      <UniqueIdentifier>{67DA6AB6-F800-4c08-8B7A-83BB121AAD01}</UniqueIdentifier>
      <Extensions>rc;ico;cur;bmp;dlg;rc2;rct;bin;rgs;gif;jpg;jpeg;jpe;resx;tiff;tif;png;wav;mfcribbon-ms</Extensions>
    </Filter>
    <Filter Include="Header Files\Registry">
      <UniqueIdentifier>{3cac31a9-1c25-462c-a53b-d13ea4f94559}</UniqueIdentifier>
    </Filter>
    <Filter Include="Header Files\System">
      <UniqueIdentifier>{f0a56561-74e0-4ca9-a801-806e3a8e80dc}</UniqueIdentifier>
    </Filter>
    <Filter Include="Source Files\Registry">
      <UniqueIdentifier>{bc7dbd12-3615-4ec9-9479-e03026b96e49}</UniqueIdentifier>
    </Filter>
    <Filter Include="Source Files\System">
      <UniqueIdentifier>{75f8b3d7-0b0e-43ec-9bb4-89c52945e191}</UniqueIdentifier>
    </Filter>
    <Filter Include="Header Files\Graphics">
      <UniqueIdentifier>{f5b785d0-d786-48ed-95fd-9bb9857a2d70}</UniqueIdentifier>
    </Filter>
    <Filter Include="Header Files\Game">
      <UniqueIdentifier>{a45a3009-e002-4ee4-abb0-aedc29baeea8}</UniqueIdentifier>
    </Filter>
  </ItemGroup>
  <ItemGroup>
    <ClCompile Include="src\main.cpp">
      <Filter>Source Files</Filter>
    </ClCompile>
    <ClCompile Include="src\glad.c">
      <Filter>Source Files\Resource Files</Filter>
    </ClCompile>
    <ClCompile Include="src\Game\Source Files\Game\Application.cpp">
      <Filter>Source Files\Game</Filter>
    </ClCompile>
    <ClCompile Include="src\Game\Source Files\Game\CollisionWorld.cpp">
      <Filter>Source Files\Game</Filter>
    </ClCompile>
    <ClCompile Include="src\Game\Source Files\Game\Input.cpp">
      <Filter>Source Files\Game</Filter>
    </ClCompile>
    <ClCompile Include="src\Game\Source Files\Game\LevelLoader.cpp">
      <Filter>Source Files\Game</Filter>
    </ClCompile>
    <ClCompile Include="src\Game\Source Files\Game\Scene.cpp">
      <Filter>Source Files\Game</Filter>
    </ClCompile>
    <ClCompile Include="src\Game\Source Files\Game\Window.cpp">
      <Filter>Source Files\Game</Filter>
    </ClCompile>
    <ClCompile Include="src\Game\Source Files\Graphics\Atlas.cpp">
      <Filter>Source Files\Graphics</Filter>
    </ClCompile>
    <ClCompile Include="src\Game\Source Files\Graphics\Renderer2D.cpp">
      <Filter>Source Files\Graphics</Filter>
    </ClCompile>
    <ClCompile Include="src\Game\Source Files\Graphics\Shader.cpp">
      <Filter>Source Files\Graphics</Filter>
    </ClCompile>
    <ClCompile Include="src\Game\Source Files\Graphics\SubTexture2D.cpp">
      <Filter>Source Files\Graphics</Filter>
    </ClCompile>
    <ClCompile Include="src\Game\Source Files\Graphics\Texture.cpp">
      <Filter>Source Files\Graphics</Filter>
    </ClCompile>
    <ClCompile Include="src\Game\Source Files\Registry\WeaponRegistry.cpp">
      <Filter>Source Files\Registry</Filter>
    </ClCompile>
    <ClCompile Include="src\Game\Source Files\System\ActionSystem.cpp">
      <Filter>Source Files\System</Filter>
    </ClCompile>
    <ClCompile Include="src\Game\Source Files\System\EntityManager.cpp">
      <Filter>Source Files\System</Filter>
    </ClCompile>
    <ClCompile Include="src\Game\Source Files\System\GameManager.cpp">
      <Filter>Source Files\System</Filter>
    </ClCompile>
    <ClCompile Include="src\Game\Source Files\System\PhysicsSystem.cpp">
      <Filter>Source Files\System</Filter>
    </ClCompile>
    <ClCompile Include="src\Game\Source Files\System\PlayerInputSystem.cpp">
      <Filter>Source Files\System</Filter>
    </ClCompile>
    <ClCompile Include="src\Game\Source Files\System\RendererSystem.cpp">
      <Filter>Source Files\System</Filter>
    </ClCompile>
    <ClCompile Include="src\Game\Source Files\System\WeaponSystem.cpp">
      <Filter>Source Files\System</Filter>
    </ClCompile>
  </ItemGroup>
  <ItemGroup>
    <None Include="assets\shaders\basic.frag">
      <Filter>assets\shaders</Filter>
    </None>
    <None Include="assets\shaders\basic.vert">
      <Filter>assets\shaders</Filter>
    </None>
    <None Include="assets\levels\final.ldtk">
      <Filter>assets\levels</Filter>
    </None>
    <None Include=".github\copilot-instructions.md">
      <Filter>Source Files\Resource Files</Filter>
    </None>
  </ItemGroup>
  <ItemGroup>
    <Image Include="assets\textures\hero.png">
      <Filter>assets\textures</Filter>
    </Image>
    <Image Include="assets\levels\Free.png">
      <Filter>assets\levels</Filter>
    </Image>
  </ItemGroup>
  <ItemGroup>
    <ClInclude Include="src\Game\Header Files\Game\Animation.h">
      <Filter>Header Files\Game</Filter>
    </ClInclude>
    <ClInclude Include="src\Game\Header Files\Game\Application.h">
      <Filter>Header Files\Game</Filter>
    </ClInclude>
    <ClInclude Include="src\Game\Header Files\Game\CollisionWorld.h">
      <Filter>Header Files\Game</Filter>
    </ClInclude>
    <ClInclude Include="src\Game\Header Files\Game\Input.h">
      <Filter>Header Files\Game</Filter>
    </ClInclude>
    <ClInclude Include="src\Game\Header Files\Game\LevelLoader.h">
      <Filter>Header Files\Game</Filter>
    </ClInclude>
    <ClInclude Include="src\Game\Header Files\Game\Scene.h">
      <Filter>Header Files\Game</Filter>
    </ClInclude>
    <ClInclude Include="src\Game\Header Files\Game\Window.h">
      <Filter>Header Files\Game</Filter>
    </ClInclude>
    <ClInclude Include="src\Game\Header Files\Graphics\Atlas.h">
      <Filter>Header Files\Graphics</Filter>
    </ClInclude>
    <ClInclude Include="src\Game\Header Files\Graphics\Camera2D.h">
      <Filter>Header Files\Graphics</Filter>
    </ClInclude>
    <ClInclude Include="src\Game\Header Files\Graphics\Renderer2D.h">
      <Filter>Header Files\Graphics</Filter>
    </ClInclude>
    <ClInclude Include="src\Game\Header Files\Graphics\Shader.h">
      <Filter>Header Files\Graphics</Filter>
    </ClInclude>
    <ClInclude Include="src\Game\Header Files\Graphics\SubTexture2D.h">
      <Filter>Header Files\Graphics</Filter>
    </ClInclude>
    <ClInclude Include="src\Game\Header Files\Graphics\Texture.h">
      <Filter>Header Files\Graphics</Filter>
    </ClInclude>
    <ClInclude Include="src\Game\Header Files\Registry\AABB.h">
      <Filter>Header Files\Registry</Filter>
    </ClInclude>
    <ClInclude Include="src\Game\Header Files\Registry\AnimationRegistry.h">
      <Filter>Header Files\Registry</Filter>
    </ClInclude>
    <ClInclude Include="src\Game\Header Files\Registry\Components.h">
      <Filter>Header Files\Registry</Filter>
    </ClInclude>
    <ClInclude Include="src\Game\Header Files\Registry\EntityID.h">
      <Filter>Header Files\Registry</Filter>
    </ClInclude>
    <ClInclude Include="src\Game\Header Files\Registry\WeaponRegistry.h">
      <Filter>Header Files\Registry</Filter>
    </ClInclude>
    <ClInclude Include="src\Game\Header Files\System\ActionSystem.h">
      <Filter>Header Files\System</Filter>
    </ClInclude>
    <ClInclude Include="src\Game\Header Files\System\AnimationSystem.h">
      <Filter>Header Files\System</Filter>
    </ClInclude>
    <ClInclude Include="src\Game\Header Files\System\EntityManager.h">
      <Filter>Header Files\System</Filter>
    </ClInclude>
    <ClInclude Include="src\Game\Header Files\System\GameManager.h">
      <Filter>Header Files\System</Filter>
    </ClInclude>
    <ClInclude Include="src\Game\Header Files\System\PhysicsSystem.h">
      <Filter>Header Files\System</Filter>
    </ClInclude>
    <ClInclude Include="src\Game\Header Files\System\PlayerInputSystem.h">
      <Filter>Header Files\System</Filter>
    </ClInclude>
    <ClInclude Include="src\Game\Header Files\System\RendererSystem.h">
      <Filter>Header Files\System</Filter>
    </ClInclude>
    <ClInclude Include="src\Game\Header Files\System\WeaponSystem.h">
      <Filter>Header Files\System</Filter>
    </ClInclude>
  </ItemGroup>
</Project>